
Microsoft Visual Studio Solution File, Format Version 12.00
# Visual Studio 15
VisualStudioVersion = 15.0.28307.1684
MinimumVisualStudioVersion = 10.0.40219.1
Project("{FAE04EC0-301F-11D3-BF4B-00C04F79EFBC}") = "Sqlite_CS", "Sqlite_CS\Sqlite_CS.csproj", "{2DA313D0-CD04-477B-96A3-57389BBBC550}"
EndProject
Global
	GlobalSection(SolutionConfigurationPlatforms) = preSolution
		Debug|Any CPU = Debug|Any CPU
		Release|Any CPU = Release|Any CPU
	EndGlobalSection
	GlobalSection(ProjectConfigurationPlatforms) = postSolution
		{2DA313D0-CD04-477B-96A3-57389BBBC550}.Debug|Any CPU.ActiveCfg = Debug|Any CPU
		{2DA313D0-CD04-477B-96A3-57389BBBC550}.Debug|Any CPU.Build.0 = Debug|Any CPU
		{2DA313D0-CD04-477B-96A3-57389BBBC550}.Release|Any CPU.ActiveCfg = Release|Any CPU
		{2DA313D0-CD04-477B-96A3-57389BBBC550}.Release|Any CPU.Build.0 = Release|Any CPU
	EndGlobalSection
	GlobalSection(SolutionProperties) = preSolution
		HideSolutionNode = FALSE
	EndGlobalSection
	GlobalSection(ExtensibilityGlobals) = postSolution
		SolutionGuid = {80463F68-EE91-4BE8-BEC6-DEDC15DE3CC2}
	EndGlobalSection
EndGlobal
